
Microsoft Visual Studio Solution File, Format Version 12.00
# Visual Studio Version 17
VisualStudioVersion = 17.5.33530.505
MinimumVisualStudioVersion = 10.0.40219.1
Project("{FAE04EC0-301F-11D3-BF4B-00C04F79EFBC}") = "FunctionApp2", "FunctionApp2\FunctionApp2.csproj", "{5C5031E5-B498-4B4E-9B5A-1F23EC78640F}"
EndProject
Global
	GlobalSection(SolutionConfigurationPlatforms) = preSolution
		Debug|Any CPU = Debug|Any CPU
		Release|Any CPU = Release|Any CPU
	EndGlobalSection
	GlobalSection(ProjectConfigurationPlatforms) = postSolution
		{5C5031E5-B498-4B4E-9B5A-1F23EC78640F}.Debug|Any CPU.ActiveCfg = Debug|Any CPU
		{5C5031E5-B498-4B4E-9B5A-1F23EC78640F}.Debug|Any CPU.Build.0 = Debug|Any CPU
		{5C5031E5-B498-4B4E-9B5A-1F23EC78640F}.Release|Any CPU.ActiveCfg = Release|Any CPU
		{5C5031E5-B498-4B4E-9B5A-1F23EC78640F}.Release|Any CPU.Build.0 = Release|Any CPU
	EndGlobalSection
	GlobalSection(SolutionProperties) = preSolution
		HideSolutionNode = FALSE
	EndGlobalSection
	GlobalSection(ExtensibilityGlobals) = postSolution
		SolutionGuid = {C91C00D7-1001-4C5A-B070-D3D10E90B327}
	EndGlobalSection
EndGlobal
